// !$*UTF8*$!
{
	archiveVersion = 1;
	classes = {
	};
	objectVersion = 46;
	objects = {

/* Begin PBXBuildFile section */
		37351FFB1C85733600281DF0 /* PhotoCollectionViewCell.swift in Sources */ = {isa = PBXBuildFile; fileRef = 37351FFA1C85733600281DF0 /* PhotoCollectionViewCell.swift */; };
		37351FFD1C862B9F00281DF0 /* TravelLocationsMapViewController.swift in Sources */ = {isa = PBXBuildFile; fileRef = 37351FFC1C862B9F00281DF0 /* TravelLocationsMapViewController.swift */; };
		373520011C868B0C00281DF0 /* PhotoAlbumViewController.swift in Sources */ = {isa = PBXBuildFile; fileRef = 373520001C868B0C00281DF0 /* PhotoAlbumViewController.swift */; };
		37424E631C8144C800371F58 /* Photo.swift in Sources */ = {isa = PBXBuildFile; fileRef = 37424E621C8144C800371F58 /* Photo.swift */; };
		37424E681C81475900371F58 /* CoreDataStackManager.swift in Sources */ = {isa = PBXBuildFile; fileRef = 37424E671C81475900371F58 /* CoreDataStackManager.swift */; };
		37424E6C1C816F5000371F58 /* Pin.swift in Sources */ = {isa = PBXBuildFile; fileRef = 37424E6B1C816F5000371F58 /* Pin.swift */; };
		374A4F141C7EB440003E2529 /* AppDelegate.swift in Sources */ = {isa = PBXBuildFile; fileRef = 374A4F131C7EB440003E2529 /* AppDelegate.swift */; };
		374A4F191C7EB440003E2529 /* Main.storyboard in Resources */ = {isa = PBXBuildFile; fileRef = 374A4F171C7EB440003E2529 /* Main.storyboard */; };
		374A4F1C1C7EB440003E2529 /* VirtualTourist.xcdatamodeld in Sources */ = {isa = PBXBuildFile; fileRef = 374A4F1A1C7EB440003E2529 /* VirtualTourist.xcdatamodeld */; };
		374A4F1E1C7EB440003E2529 /* Assets.xcassets in Resources */ = {isa = PBXBuildFile; fileRef = 374A4F1D1C7EB440003E2529 /* Assets.xcassets */; };
		374A4F211C7EB440003E2529 /* LaunchScreen.storyboard in Resources */ = {isa = PBXBuildFile; fileRef = 374A4F1F1C7EB440003E2529 /* LaunchScreen.storyboard */; };
		37F4A0FF1C89DC0900F623DA /* FlickrConstants.swift in Sources */ = {isa = PBXBuildFile; fileRef = 37F4A0FB1C89DC0900F623DA /* FlickrConstants.swift */; };
		37F4A1001C89DC0900F623DA /* FlickrConvenience.swift in Sources */ = {isa = PBXBuildFile; fileRef = 37F4A0FC1C89DC0900F623DA /* FlickrConvenience.swift */; };
		37F4A1011C89DC0900F623DA /* FlickrNetworkRequest.swift in Sources */ = {isa = PBXBuildFile; fileRef = 37F4A0FD1C89DC0900F623DA /* FlickrNetworkRequest.swift */; };
/* End PBXBuildFile section */

/* Begin PBXFileReference section */
		37351FFA1C85733600281DF0 /* PhotoCollectionViewCell.swift */ = {isa = PBXFileReference; fileEncoding = 4; lastKnownFileType = sourcecode.swift; name = PhotoCollectionViewCell.swift; path = Views/PhotoCollectionViewCell.swift; sourceTree = "<group>"; };
		37351FFC1C862B9F00281DF0 /* TravelLocationsMapViewController.swift */ = {isa = PBXFileReference; fileEncoding = 4; lastKnownFileType = sourcecode.swift; name = TravelLocationsMapViewController.swift; path = Controllers/TravelLocationsMapViewController.swift; sourceTree = "<group>"; };
		373520001C868B0C00281DF0 /* PhotoAlbumViewController.swift */ = {isa = PBXFileReference; fileEncoding = 4; lastKnownFileType = sourcecode.swift; name = PhotoAlbumViewController.swift; path = Controllers/PhotoAlbumViewController.swift; sourceTree = "<group>"; };
		37424E621C8144C800371F58 /* Photo.swift */ = {isa = PBXFileReference; fileEncoding = 4; lastKnownFileType = sourcecode.swift; name = Photo.swift; path = Models/Photo.swift; sourceTree = "<group>"; };
		37424E671C81475900371F58 /* CoreDataStackManager.swift */ = {isa = PBXFileReference; fileEncoding = 4; lastKnownFileType = sourcecode.swift; name = CoreDataStackManager.swift; path = CoreData/CoreDataStackManager.swift; sourceTree = "<group>"; };
		37424E6B1C816F5000371F58 /* Pin.swift */ = {isa = PBXFileReference; fileEncoding = 4; lastKnownFileType = sourcecode.swift; name = Pin.swift; path = Models/Pin.swift; sourceTree = "<group>"; };
		374A4F101C7EB440003E2529 /* VirtualTourist.app */ = {isa = PBXFileReference; explicitFileType = wrapper.application; includeInIndex = 0; path = VirtualTourist.app; sourceTree = BUILT_PRODUCTS_DIR; };
		374A4F131C7EB440003E2529 /* AppDelegate.swift */ = {isa = PBXFileReference; lastKnownFileType = sourcecode.swift; path = AppDelegate.swift; sourceTree = "<group>"; };
		374A4F181C7EB440003E2529 /* Base */ = {isa = PBXFileReference; lastKnownFileType = file.storyboard; name = Base; path = Base.lproj/Main.storyboard; sourceTree = "<group>"; };
		374A4F1B1C7EB440003E2529 /* VirtualTourist.xcdatamodel */ = {isa = PBXFileReference; lastKnownFileType = wrapper.xcdatamodel; path = VirtualTourist.xcdatamodel; sourceTree = "<group>"; };
		374A4F1D1C7EB440003E2529 /* Assets.xcassets */ = {isa = PBXFileReference; lastKnownFileType = folder.assetcatalog; path = Assets.xcassets; sourceTree = "<group>"; };
		374A4F201C7EB440003E2529 /* Base */ = {isa = PBXFileReference; lastKnownFileType = file.storyboard; name = Base; path = Base.lproj/LaunchScreen.storyboard; sourceTree = "<group>"; };
		374A4F221C7EB440003E2529 /* Info.plist */ = {isa = PBXFileReference; lastKnownFileType = text.plist.xml; path = Info.plist; sourceTree = "<group>"; };
		37F4A0FB1C89DC0900F623DA /* FlickrConstants.swift */ = {isa = PBXFileReference; fileEncoding = 4; lastKnownFileType = sourcecode.swift; path = FlickrConstants.swift; sourceTree = "<group>"; };
		37F4A0FC1C89DC0900F623DA /* FlickrConvenience.swift */ = {isa = PBXFileReference; fileEncoding = 4; lastKnownFileType = sourcecode.swift; path = FlickrConvenience.swift; sourceTree = "<group>"; };
		37F4A0FD1C89DC0900F623DA /* FlickrNetworkRequest.swift */ = {isa = PBXFileReference; fileEncoding = 4; lastKnownFileType = sourcecode.swift; path = FlickrNetworkRequest.swift; sourceTree = "<group>"; };
/* End PBXFileReference section */

/* Begin PBXFrameworksBuildPhase section */
		374A4F0D1C7EB440003E2529 /* Frameworks */ = {
			isa = PBXFrameworksBuildPhase;
			buildActionMask = 2147483647;
			files = (
			);
			runOnlyForDeploymentPostprocessing = 0;
		};
/* End PBXFrameworksBuildPhase section */

/* Begin PBXGroup section */
		37424E641C81472100371F58 /* Core Data */ = {
			isa = PBXGroup;
			children = (
				374A4F1A1C7EB440003E2529 /* VirtualTourist.xcdatamodeld */,
				37424E671C81475900371F58 /* CoreDataStackManager.swift */,
			);
			name = "Core Data";
			sourceTree = "<group>";
		};
		374A4F071C7EB440003E2529 = {
			isa = PBXGroup;
			children = (
				374A4F121C7EB440003E2529 /* VirtualTourist */,
				374A4F111C7EB440003E2529 /* Products */,
			);
			sourceTree = "<group>";
		};
		374A4F111C7EB440003E2529 /* Products */ = {
			isa = PBXGroup;
			children = (
				374A4F101C7EB440003E2529 /* VirtualTourist.app */,
			);
			name = Products;
			sourceTree = "<group>";
		};
		374A4F121C7EB440003E2529 /* VirtualTourist */ = {
			isa = PBXGroup;
			children = (
				37E1B2471C80C3A80030D2A0 /* Controllers */,
				37424E641C81472100371F58 /* Core Data */,
				37E1B2461C80C3A20030D2A0 /* Models */,
				37E1B2441C80C36F0030D2A0 /* Storyboards */,
				37E1B2431C80C3580030D2A0 /* Support Files */,
				37E1B2451C80C3760030D2A0 /* Views */,
				37F4A0FA1C89DC0900F623DA /* Flickr API */,
				37F4A0FE1C89DC0900F623DA /* Network */,
			);
			path = VirtualTourist;
			sourceTree = "<group>";
		};
		37E1B2431C80C3580030D2A0 /* Support Files */ = {
			isa = PBXGroup;
			children = (
				374A4F131C7EB440003E2529 /* AppDelegate.swift */,
				374A4F1D1C7EB440003E2529 /* Assets.xcassets */,
				374A4F1F1C7EB440003E2529 /* LaunchScreen.storyboard */,
				374A4F221C7EB440003E2529 /* Info.plist */,
			);
			name = "Support Files";
			sourceTree = "<group>";
		};
		37E1B2441C80C36F0030D2A0 /* Storyboards */ = {
			isa = PBXGroup;
			children = (
				374A4F171C7EB440003E2529 /* Main.storyboard */,
			);
			name = Storyboards;
			sourceTree = "<group>";
		};
		37E1B2451C80C3760030D2A0 /* Views */ = {
			isa = PBXGroup;
			children = (
				37351FFA1C85733600281DF0 /* PhotoCollectionViewCell.swift */,
			);
			name = Views;
			sourceTree = "<group>";
		};
		37E1B2461C80C3A20030D2A0 /* Models */ = {
			isa = PBXGroup;
			children = (
				37424E621C8144C800371F58 /* Photo.swift */,
				37424E6B1C816F5000371F58 /* Pin.swift */,
			);
			name = Models;
			sourceTree = "<group>";
		};
		37E1B2471C80C3A80030D2A0 /* Controllers */ = {
			isa = PBXGroup;
			children = (
				37351FFC1C862B9F00281DF0 /* TravelLocationsMapViewController.swift */,
				373520001C868B0C00281DF0 /* PhotoAlbumViewController.swift */,
			);
			name = Controllers;
			sourceTree = "<group>";
		};
		37F4A0FA1C89DC0900F623DA /* Flickr API */ = {
			isa = PBXGroup;
			children = (
				37F4A0FB1C89DC0900F623DA /* FlickrConstants.swift */,
				37F4A0FC1C89DC0900F623DA /* FlickrConvenience.swift */,
				37F4A0FD1C89DC0900F623DA /* FlickrNetworkRequest.swift */,
			);
			path = "Flickr API";
			sourceTree = "<group>";
		};
		37F4A0FE1C89DC0900F623DA /* Network */ = {
			isa = PBXGroup;
			children = (
			);
			path = Network;
			sourceTree = "<group>";
		};
/* End PBXGroup section */

/* Begin PBXNativeTarget section */
		374A4F0F1C7EB440003E2529 /* VirtualTourist */ = {
			isa = PBXNativeTarget;
			buildConfigurationList = 374A4F251C7EB440003E2529 /* Build configuration list for PBXNativeTarget "VirtualTourist" */;
			buildPhases = (
				374A4F0C1C7EB440003E2529 /* Sources */,
				374A4F0D1C7EB440003E2529 /* Frameworks */,
				374A4F0E1C7EB440003E2529 /* Resources */,
			);
			buildRules = (
			);
			dependencies = (
			);
			name = VirtualTourist;
			productName = VirtualTourist;
			productReference = 374A4F101C7EB440003E2529 /* VirtualTourist.app */;
			productType = "com.apple.product-type.application";
		};
/* End PBXNativeTarget section */

/* Begin PBXProject section */
		374A4F081C7EB440003E2529 /* Project object */ = {
			isa = PBXProject;
			attributes = {
				LastSwiftUpdateCheck = 0720;
				LastUpgradeCheck = 0720;
				ORGANIZATIONNAME = "Xing Hui Lu";
				TargetAttributes = {
					374A4F0F1C7EB440003E2529 = {
						CreatedOnToolsVersion = 7.2.1;
					};
				};
			};
			buildConfigurationList = 374A4F0B1C7EB440003E2529 /* Build configuration list for PBXProject "VirtualTourist" */;
			compatibilityVersion = "Xcode 3.2";
			developmentRegion = English;
			hasScannedForEncodings = 0;
			knownRegions = (
				en,
				Base,
			);
			mainGroup = 374A4F071C7EB440003E2529;
			productRefGroup = 374A4F111C7EB440003E2529 /* Products */;
			projectDirPath = "";
			projectRoot = "";
			targets = (
				374A4F0F1C7EB440003E2529 /* VirtualTourist */,
			);
		};
/* End PBXProject section */

/* Begin PBXResourcesBuildPhase section */
		374A4F0E1C7EB440003E2529 /* Resources */ = {
			isa = PBXResourcesBuildPhase;
			buildActionMask = 2147483647;
			files = (
				374A4F211C7EB440003E2529 /* LaunchScreen.storyboard in Resources */,
				374A4F1E1C7EB440003E2529 /* Assets.xcassets in Resources */,
				374A4F191C7EB440003E2529 /* Main.storyboard in Resources */,
			);
			runOnlyForDeploymentPostprocessing = 0;
		};
/* End PBXResourcesBuildPhase section */

/* Begin PBXSourcesBuildPhase section */
		374A4F0C1C7EB440003E2529 /* Sources */ = {
			isa = PBXSourcesBuildPhase;
			buildActionMask = 2147483647;
			files = (
				37F4A1011C89DC0900F623DA /* FlickrNetworkRequest.swift in Sources */,
				373520011C868B0C00281DF0 /* PhotoAlbumViewController.swift in Sources */,
				37F4A0FF1C89DC0900F623DA /* FlickrConstants.swift in Sources */,
				37351FFD1C862B9F00281DF0 /* TravelLocationsMapViewController.swift in Sources */,
				37424E631C8144C800371F58 /* Photo.swift in Sources */,
				37351FFB1C85733600281DF0 /* PhotoCollectionViewCell.swift in Sources */,
				37424E681C81475900371F58 /* CoreDataStackManager.swift in Sources */,
				374A4F141C7EB440003E2529 /* AppDelegate.swift in Sources */,
				37424E6C1C816F5000371F58 /* Pin.swift in Sources */,
				37F4A1001C89DC0900F623DA /* FlickrConvenience.swift in Sources */,
				374A4F1C1C7EB440003E2529 /* VirtualTourist.xcdatamodeld in Sources */,
			);
			runOnlyForDeploymentPostprocessing = 0;
		};
/* End PBXSourcesBuildPhase section */

/* Begin PBXVariantGroup section */
		374A4F171C7EB440003E2529 /* Main.storyboard */ = {
			isa = PBXVariantGroup;
			children = (
				374A4F181C7EB440003E2529 /* Base */,
			);
			name = Main.storyboard;
			sourceTree = "<group>";
		};
		374A4F1F1C7EB440003E2529 /* LaunchScreen.storyboard */ = {
			isa = PBXVariantGroup;
			children = (
				374A4F201C7EB440003E2529 /* Base */,
			);
			name = LaunchScreen.storyboard;
			sourceTree = "<group>";
		};
/* End PBXVariantGroup section */

/* Begin XCBuildConfiguration section */
		374A4F231C7EB440003E2529 /* Debug */ = {
			isa = XCBuildConfiguration;
			buildSettings = {
				ALWAYS_SEARCH_USER_PATHS = NO;
				CLANG_CXX_LANGUAGE_STANDARD = "gnu++0x";
				CLANG_CXX_LIBRARY = "libc++";
				CLANG_ENABLE_MODULES = YES;
				CLANG_ENABLE_OBJC_ARC = YES;
				CLANG_WARN_BOOL_CONVERSION = YES;
				CLANG_WARN_CONSTANT_CONVERSION = YES;
				CLANG_WARN_DIRECT_OBJC_ISA_USAGE = YES_ERROR;
				CLANG_WARN_EMPTY_BODY = YES;
				CLANG_WARN_ENUM_CONVERSION = YES;
				CLANG_WARN_INT_CONVERSION = YES;
				CLANG_WARN_OBJC_ROOT_CLASS = YES_ERROR;
				CLANG_WARN_UNREACHABLE_CODE = YES;
				CLANG_WARN__DUPLICATE_METHOD_MATCH = YES;
				"CODE_SIGN_IDENTITY[sdk=iphoneos*]" = "iPhone Developer";
				COPY_PHASE_STRIP = NO;
				DEBUG_INFORMATION_FORMAT = dwarf;
				ENABLE_STRICT_OBJC_MSGSEND = YES;
				ENABLE_TESTABILITY = YES;
				GCC_C_LANGUAGE_STANDARD = gnu99;
				GCC_DYNAMIC_NO_PIC = NO;
				GCC_NO_COMMON_BLOCKS = YES;
				GCC_OPTIMIZATION_LEVEL = 0;
				GCC_PREPROCESSOR_DEFINITIONS = (
					"DEBUG=1",
					"$(inherited)",
				);
				GCC_WARN_64_TO_32_BIT_CONVERSION = YES;
				GCC_WARN_ABOUT_RETURN_TYPE = YES_ERROR;
				GCC_WARN_UNDECLARED_SELECTOR = YES;
				GCC_WARN_UNINITIALIZED_AUTOS = YES_AGGRESSIVE;
				GCC_WARN_UNUSED_FUNCTION = YES;
				GCC_WARN_UNUSED_VARIABLE = YES;
				IPHONEOS_DEPLOYMENT_TARGET = 9.2;
				MTL_ENABLE_DEBUG_INFO = YES;
				ONLY_ACTIVE_ARCH = YES;
				SDKROOT = iphoneos;
				SWIFT_OPTIMIZATION_LEVEL = "-Onone";
			};
			name = Debug;
		};
		374A4F241C7EB440003E2529 /* Release */ = {
			isa = XCBuildConfiguration;
			buildSettings = {
				ALWAYS_SEARCH_USER_PATHS = NO;
				CLANG_CXX_LANGUAGE_STANDARD = "gnu++0x";
				CLANG_CXX_LIBRARY = "libc++";
				CLANG_ENABLE_MODULES = YES;
				CLANG_ENABLE_OBJC_ARC = YES;
				CLANG_WARN_BOOL_CONVERSION = YES;
				CLANG_WARN_CONSTANT_CONVERSION = YES;
				CLANG_WARN_DIRECT_OBJC_ISA_USAGE = YES_ERROR;
				CLANG_WARN_EMPTY_BODY = YES;
				CLANG_WARN_ENUM_CONVERSION = YES;
				CLANG_WARN_INT_CONVERSION = YES;
				CLANG_WARN_OBJC_ROOT_CLASS = YES_ERROR;
				CLANG_WARN_UNREACHABLE_CODE = YES;
				CLANG_WARN__DUPLICATE_METHOD_MATCH = YES;
				"CODE_SIGN_IDENTITY[sdk=iphoneos*]" = "iPhone Developer";
				COPY_PHASE_STRIP = NO;
				DEBUG_INFORMATION_FORMAT = "dwarf-with-dsym";
				ENABLE_NS_ASSERTIONS = NO;
				ENABLE_STRICT_OBJC_MSGSEND = YES;
				GCC_C_LANGUAGE_STANDARD = gnu99;
				GCC_NO_COMMON_BLOCKS = YES;
				GCC_WARN_64_TO_32_BIT_CONVERSION = YES;
				GCC_WARN_ABOUT_RETURN_TYPE = YES_ERROR;
				GCC_WARN_UNDECLARED_SELECTOR = YES;
				GCC_WARN_UNINITIALIZED_AUTOS = YES_AGGRESSIVE;
				GCC_WARN_UNUSED_FUNCTION = YES;
				GCC_WARN_UNUSED_VARIABLE = YES;
				IPHONEOS_DEPLOYMENT_TARGET = 9.2;
				MTL_ENABLE_DEBUG_INFO = NO;
				SDKROOT = iphoneos;
				VALIDATE_PRODUCT = YES;
			};
			name = Release;
		};
		374A4F261C7EB440003E2529 /* Debug */ = {
			isa = XCBuildConfiguration;
			buildSettings = {
				ASSETCATALOG_COMPILER_APPICON_NAME = AppIcon;
				INFOPLIST_FILE = VirtualTourist/Info.plist;
				LD_RUNPATH_SEARCH_PATHS = "$(inherited) @executable_path/Frameworks";
				PRODUCT_BUNDLE_IDENTIFIER = com.richurd.VirtualTourist;
				PRODUCT_NAME = "$(TARGET_NAME)";
			};
			name = Debug;
		};
		374A4F271C7EB440003E2529 /* Release */ = {
			isa = XCBuildConfiguration;
			buildSettings = {
				ASSETCATALOG_COMPILER_APPICON_NAME = AppIcon;
				INFOPLIST_FILE = VirtualTourist/Info.plist;
				LD_RUNPATH_SEARCH_PATHS = "$(inherited) @executable_path/Frameworks";
				PRODUCT_BUNDLE_IDENTIFIER = com.richurd.VirtualTourist;
				PRODUCT_NAME = "$(TARGET_NAME)";
			};
			name = Release;
		};
/* End XCBuildConfiguration section */

/* Begin XCConfigurationList section */
		374A4F0B1C7EB440003E2529 /* Build configuration list for PBXProject "VirtualTourist" */ = {
			isa = XCConfigurationList;
			buildConfigurations = (
				374A4F231C7EB440003E2529 /* Debug */,
				374A4F241C7EB440003E2529 /* Release */,
			);
			defaultConfigurationIsVisible = 0;
			defaultConfigurationName = Release;
		};
		374A4F251C7EB440003E2529 /* Build configuration list for PBXNativeTarget "VirtualTourist" */ = {
			isa = XCConfigurationList;
			buildConfigurations = (
				374A4F261C7EB440003E2529 /* Debug */,
				374A4F271C7EB440003E2529 /* Release */,
			);
			defaultConfigurationIsVisible = 0;
			defaultConfigurationName = Release;
		};
/* End XCConfigurationList section */

/* Begin XCVersionGroup section */
		374A4F1A1C7EB440003E2529 /* VirtualTourist.xcdatamodeld */ = {
			isa = XCVersionGroup;
			children = (
				374A4F1B1C7EB440003E2529 /* VirtualTourist.xcdatamodel */,
			);
			currentVersion = 374A4F1B1C7EB440003E2529 /* VirtualTourist.xcdatamodel */;
			path = VirtualTourist.xcdatamodeld;
			sourceTree = "<group>";
			versionGroupType = wrapper.xcdatamodel;
		};
/* End XCVersionGroup section */
	};
	rootObject = 374A4F081C7EB440003E2529 /* Project object */;
}
